
Microsoft Visual Studio Solution File, Format Version 12.00
# Visual Studio 15
VisualStudioVersion = 15.0.28307.1000
MinimumVisualStudioVersion = 10.0.40219.1
Project("{9A19103F-16F7-4668-BE54-9A1E7A4F7556}") = "Falp.Donaciones.Transversal.Comunes", "Falp.Donaciones.Transversal.Comunes\Falp.Donaciones.Transversal.Comunes.csproj", "{1693006D-3527-4825-8CDD-97F5AF3896BD}"
EndProject
Project("{2150E333-8FDC-42A3-9474-1A3956D46DE8}") = "Transversal", "Transversal", "{D889D05A-F352-4413-AC71-D914B9CFA957}"
EndProject
Project("{2150E333-8FDC-42A3-9474-1A3956D46DE8}") = "Aplicacion", "Aplicacion", "{09CD6065-EF6C-4994-8DBF-77DBE9A37D14}"
EndProject
Project("{2150E333-8FDC-42A3-9474-1A3956D46DE8}") = "Dominio", "Dominio", "{0552ED50-6C16-410E-AF8A-D3283044581D}"
EndProject
Project("{2150E333-8FDC-42A3-9474-1A3956D46DE8}") = "Infraestructura", "Infraestructura", "{74BD9E78-1FB5-4234-9170-969940108DEB}"
EndProject
Project("{2150E333-8FDC-42A3-9474-1A3956D46DE8}") = "Servicio", "Servicio", "{6F921066-CB98-45B0-BC17-62465D6EB29B}"
EndProject
Project("{9A19103F-16F7-4668-BE54-9A1E7A4F7556}") = "Falp.Donaciones.Aplicacion.DTO", "Falp.Donaciones.Aplicacion.DTO\Falp.Donaciones.Aplicacion.DTO.csproj", "{F4C6272C-06A0-44CC-A421-0A01B41A49CD}"
EndProject
Project("{9A19103F-16F7-4668-BE54-9A1E7A4F7556}") = "Falp.Donaciones.Aplicacion.Interface", "FALP.Donaciones.Aplicacion.Interface\Falp.Donaciones.Aplicacion.Interface.csproj", "{633B1025-1CC4-459D-A93F-2A118BE8CA95}"
EndProject
Project("{9A19103F-16F7-4668-BE54-9A1E7A4F7556}") = "Falp.Donaciones.Aplicacion.Main", "Falp.Donaciones.Aplicacion.Main\Falp.Donaciones.Aplicacion.Main.csproj", "{EDA1F533-C431-4D69-9121-6C571798791D}"
EndProject
Project("{9A19103F-16F7-4668-BE54-9A1E7A4F7556}") = "Falp.Donaciones.Dominio.Entidad", "Falp.Donaciones.Dominio.Entidad\Falp.Donaciones.Dominio.Entidad.csproj", "{5ECE8279-7F35-45E0-A14E-8708B592D6D0}"
EndProject
Project("{9A19103F-16F7-4668-BE54-9A1E7A4F7556}") = "Falp.Donaciones.Dominio.Interface", "Falp.Donaciones.Dominio.Interface\Falp.Donaciones.Dominio.Interface.csproj", "{F39DAA7E-D7C7-4209-A65D-DFA59E47DC43}"
EndProject
Project("{9A19103F-16F7-4668-BE54-9A1E7A4F7556}") = "Falp.Donaciones.Infraestructura.Interface", "Falp.Donaciones.Infraestructura.Interface\Falp.Donaciones.Infraestructura.Interface.csproj", "{CB9D1FA6-BC99-4299-8662-0121AE0A2780}"
EndProject
Project("{9A19103F-16F7-4668-BE54-9A1E7A4F7556}") = "Falp.Donaciones.Dominio.Core", "Falp.Donaciones.Dominio.Core\Falp.Donaciones.Dominio.Core.csproj", "{631163E3-3C68-45AC-B3AF-2953D6ECFE91}"
EndProject
Project("{9A19103F-16F7-4668-BE54-9A1E7A4F7556}") = "Falp.Donaciones.Infraestructura.Data", "Falp.Donaciones.Infraestructura.Data\Falp.Donaciones.Infraestructura.Data.csproj", "{16763C66-6C1C-4C40-93BE-F09D73A66B29}"
EndProject
Project("{FAE04EC0-301F-11D3-BF4B-00C04F79EFBC}") = "Falp.Donaciones.Infraestructura.Repositorio", "Falp.Donaciones.Infraestructura.Repositorio\Falp.Donaciones.Infraestructura.Repositorio.csproj", "{6BBEBD2A-1D78-4F49-BD3F-888C1DB20E75}"
EndProject
Project("{FAE04EC0-301F-11D3-BF4B-00C04F79EFBC}") = "Falp.Donaciones.Transversal.Mapper", "Falp.Donaciones.Transversal.Mapper\Falp.Donaciones.Transversal.Mapper.csproj", "{8A66FB81-3D9D-44F4-80E6-2B30F02B85BE}"
EndProject
Project("{FAE04EC0-301F-11D3-BF4B-00C04F79EFBC}") = "Falp.Donaciones.Servicio.WebApi", "Falp.Donaciones.Servicio.WebApi\Falp.Donaciones.Servicio.WebApi.csproj", "{FB0B9096-B855-46A2-8240-6A30DD4CDA3F}"
EndProject
Global
	GlobalSection(SolutionConfigurationPlatforms) = preSolution
		Debug|Any CPU = Debug|Any CPU
		Release|Any CPU = Release|Any CPU
	EndGlobalSection
	GlobalSection(ProjectConfigurationPlatforms) = postSolution
		{1693006D-3527-4825-8CDD-97F5AF3896BD}.Debug|Any CPU.ActiveCfg = Debug|Any CPU
		{1693006D-3527-4825-8CDD-97F5AF3896BD}.Debug|Any CPU.Build.0 = Debug|Any CPU
		{1693006D-3527-4825-8CDD-97F5AF3896BD}.Release|Any CPU.ActiveCfg = Release|Any CPU
		{1693006D-3527-4825-8CDD-97F5AF3896BD}.Release|Any CPU.Build.0 = Release|Any CPU
		{F4C6272C-06A0-44CC-A421-0A01B41A49CD}.Debug|Any CPU.ActiveCfg = Debug|Any CPU
		{F4C6272C-06A0-44CC-A421-0A01B41A49CD}.Debug|Any CPU.Build.0 = Debug|Any CPU
		{F4C6272C-06A0-44CC-A421-0A01B41A49CD}.Release|Any CPU.ActiveCfg = Release|Any CPU
		{F4C6272C-06A0-44CC-A421-0A01B41A49CD}.Release|Any CPU.Build.0 = Release|Any CPU
		{633B1025-1CC4-459D-A93F-2A118BE8CA95}.Debug|Any CPU.ActiveCfg = Debug|Any CPU
		{633B1025-1CC4-459D-A93F-2A118BE8CA95}.Debug|Any CPU.Build.0 = Debug|Any CPU
		{633B1025-1CC4-459D-A93F-2A118BE8CA95}.Release|Any CPU.ActiveCfg = Release|Any CPU
		{633B1025-1CC4-459D-A93F-2A118BE8CA95}.Release|Any CPU.Build.0 = Release|Any CPU
		{EDA1F533-C431-4D69-9121-6C571798791D}.Debug|Any CPU.ActiveCfg = Debug|Any CPU
		{EDA1F533-C431-4D69-9121-6C571798791D}.Debug|Any CPU.Build.0 = Debug|Any CPU
		{EDA1F533-C431-4D69-9121-6C571798791D}.Release|Any CPU.ActiveCfg = Release|Any CPU
		{EDA1F533-C431-4D69-9121-6C571798791D}.Release|Any CPU.Build.0 = Release|Any CPU
		{5ECE8279-7F35-45E0-A14E-8708B592D6D0}.Debug|Any CPU.ActiveCfg = Debug|Any CPU
		{5ECE8279-7F35-45E0-A14E-8708B592D6D0}.Debug|Any CPU.Build.0 = Debug|Any CPU
		{5ECE8279-7F35-45E0-A14E-8708B592D6D0}.Release|Any CPU.ActiveCfg = Release|Any CPU
		{5ECE8279-7F35-45E0-A14E-8708B592D6D0}.Release|Any CPU.Build.0 = Release|Any CPU
		{F39DAA7E-D7C7-4209-A65D-DFA59E47DC43}.Debug|Any CPU.ActiveCfg = Debug|Any CPU
		{F39DAA7E-D7C7-4209-A65D-DFA59E47DC43}.Debug|Any CPU.Build.0 = Debug|Any CPU
		{F39DAA7E-D7C7-4209-A65D-DFA59E47DC43}.Release|Any CPU.ActiveCfg = Release|Any CPU
		{F39DAA7E-D7C7-4209-A65D-DFA59E47DC43}.Release|Any CPU.Build.0 = Release|Any CPU
		{CB9D1FA6-BC99-4299-8662-0121AE0A2780}.Debug|Any CPU.ActiveCfg = Debug|Any CPU
		{CB9D1FA6-BC99-4299-8662-0121AE0A2780}.Debug|Any CPU.Build.0 = Debug|Any CPU
		{CB9D1FA6-BC99-4299-8662-0121AE0A2780}.Release|Any CPU.ActiveCfg = Release|Any CPU
		{CB9D1FA6-BC99-4299-8662-0121AE0A2780}.Release|Any CPU.Build.0 = Release|Any CPU
		{631163E3-3C68-45AC-B3AF-2953D6ECFE91}.Debug|Any CPU.ActiveCfg = Debug|Any CPU
		{631163E3-3C68-45AC-B3AF-2953D6ECFE91}.Debug|Any CPU.Build.0 = Debug|Any CPU
		{631163E3-3C68-45AC-B3AF-2953D6ECFE91}.Release|Any CPU.ActiveCfg = Release|Any CPU
		{631163E3-3C68-45AC-B3AF-2953D6ECFE91}.Release|Any CPU.Build.0 = Release|Any CPU
		{16763C66-6C1C-4C40-93BE-F09D73A66B29}.Debug|Any CPU.ActiveCfg = Debug|Any CPU
		{16763C66-6C1C-4C40-93BE-F09D73A66B29}.Debug|Any CPU.Build.0 = Debug|Any CPU
		{16763C66-6C1C-4C40-93BE-F09D73A66B29}.Release|Any CPU.ActiveCfg = Release|Any CPU
		{16763C66-6C1C-4C40-93BE-F09D73A66B29}.Release|Any CPU.Build.0 = Release|Any CPU
		{6BBEBD2A-1D78-4F49-BD3F-888C1DB20E75}.Debug|Any CPU.ActiveCfg = Debug|Any CPU
		{6BBEBD2A-1D78-4F49-BD3F-888C1DB20E75}.Debug|Any CPU.Build.0 = Debug|Any CPU
		{6BBEBD2A-1D78-4F49-BD3F-888C1DB20E75}.Release|Any CPU.ActiveCfg = Release|Any CPU
		{6BBEBD2A-1D78-4F49-BD3F-888C1DB20E75}.Release|Any CPU.Build.0 = Release|Any CPU
		{8A66FB81-3D9D-44F4-80E6-2B30F02B85BE}.Debug|Any CPU.ActiveCfg = Debug|Any CPU
		{8A66FB81-3D9D-44F4-80E6-2B30F02B85BE}.Debug|Any CPU.Build.0 = Debug|Any CPU
		{8A66FB81-3D9D-44F4-80E6-2B30F02B85BE}.Release|Any CPU.ActiveCfg = Release|Any CPU
		{8A66FB81-3D9D-44F4-80E6-2B30F02B85BE}.Release|Any CPU.Build.0 = Release|Any CPU
		{FB0B9096-B855-46A2-8240-6A30DD4CDA3F}.Debug|Any CPU.ActiveCfg = Debug|Any CPU
		{FB0B9096-B855-46A2-8240-6A30DD4CDA3F}.Debug|Any CPU.Build.0 = Debug|Any CPU
		{FB0B9096-B855-46A2-8240-6A30DD4CDA3F}.Release|Any CPU.ActiveCfg = Release|Any CPU
		{FB0B9096-B855-46A2-8240-6A30DD4CDA3F}.Release|Any CPU.Build.0 = Release|Any CPU
	EndGlobalSection
	GlobalSection(SolutionProperties) = preSolution
		HideSolutionNode = FALSE
	EndGlobalSection
	GlobalSection(NestedProjects) = preSolution
		{1693006D-3527-4825-8CDD-97F5AF3896BD} = {D889D05A-F352-4413-AC71-D914B9CFA957}
		{F4C6272C-06A0-44CC-A421-0A01B41A49CD} = {09CD6065-EF6C-4994-8DBF-77DBE9A37D14}
		{633B1025-1CC4-459D-A93F-2A118BE8CA95} = {09CD6065-EF6C-4994-8DBF-77DBE9A37D14}
		{EDA1F533-C431-4D69-9121-6C571798791D} = {09CD6065-EF6C-4994-8DBF-77DBE9A37D14}
		{5ECE8279-7F35-45E0-A14E-8708B592D6D0} = {0552ED50-6C16-410E-AF8A-D3283044581D}
		{F39DAA7E-D7C7-4209-A65D-DFA59E47DC43} = {0552ED50-6C16-410E-AF8A-D3283044581D}
		{CB9D1FA6-BC99-4299-8662-0121AE0A2780} = {74BD9E78-1FB5-4234-9170-969940108DEB}
		{631163E3-3C68-45AC-B3AF-2953D6ECFE91} = {0552ED50-6C16-410E-AF8A-D3283044581D}
		{16763C66-6C1C-4C40-93BE-F09D73A66B29} = {74BD9E78-1FB5-4234-9170-969940108DEB}
		{6BBEBD2A-1D78-4F49-BD3F-888C1DB20E75} = {74BD9E78-1FB5-4234-9170-969940108DEB}
		{8A66FB81-3D9D-44F4-80E6-2B30F02B85BE} = {D889D05A-F352-4413-AC71-D914B9CFA957}
		{FB0B9096-B855-46A2-8240-6A30DD4CDA3F} = {6F921066-CB98-45B0-BC17-62465D6EB29B}
	EndGlobalSection
	GlobalSection(ExtensibilityGlobals) = postSolution
		SolutionGuid = {BB3D7F8C-5C84-4CAE-885B-E7A545184279}
	EndGlobalSection
EndGlobal
